
Microsoft Visual Studio Solution File, Format Version 12.00
# Visual Studio Version 16
VisualStudioVersion = 16.0.31112.23
MinimumVisualStudioVersion = 10.0.40219.1
Project("{9A19103F-16F7-4668-BE54-9A1E7A4F7556}") = "WebApiSampleReact", "WebApiSampleReact\WebApiSampleReact.csproj", "{13B71B03-5F94-4A01-901F-B15C9D093AFD}"
EndProject
Project("{9A19103F-16F7-4668-BE54-9A1E7A4F7556}") = "WebApiSampleReact.Lib.Tests", "WebApiSampleReact.Lib.Tests\WebApiSampleReact.Lib.Tests.csproj", "{0C39180E-047F-44E0-A34B-63C92F349825}"
EndProject
Project("{9A19103F-16F7-4668-BE54-9A1E7A4F7556}") = "WebApiSampleReact.Lib", "WebApiSampleReact.Lib\WebApiSampleReact.Lib.csproj", "{BD6E5269-125C-4B5B-8A53-F96C6049C3BD}"
EndProject
Project("{9A19103F-16F7-4668-BE54-9A1E7A4F7556}") = "WebApiSampleReact.Data.Migrater", "WebApiSampleReact.Data.Migrater\WebApiSampleReact.Data.Migrater.csproj", "{79BE39FE-171D-4A92-AF71-D7510F573DFA}"
EndProject
Global
	GlobalSection(SolutionConfigurationPlatforms) = preSolution
		Debug|Any CPU = Debug|Any CPU
		Release|Any CPU = Release|Any CPU
	EndGlobalSection
	GlobalSection(ProjectConfigurationPlatforms) = postSolution
		{13B71B03-5F94-4A01-901F-B15C9D093AFD}.Debug|Any CPU.ActiveCfg = Debug|Any CPU
		{13B71B03-5F94-4A01-901F-B15C9D093AFD}.Debug|Any CPU.Build.0 = Debug|Any CPU
		{13B71B03-5F94-4A01-901F-B15C9D093AFD}.Release|Any CPU.ActiveCfg = Release|Any CPU
		{13B71B03-5F94-4A01-901F-B15C9D093AFD}.Release|Any CPU.Build.0 = Release|Any CPU
		{0C39180E-047F-44E0-A34B-63C92F349825}.Debug|Any CPU.ActiveCfg = Debug|Any CPU
		{0C39180E-047F-44E0-A34B-63C92F349825}.Debug|Any CPU.Build.0 = Debug|Any CPU
		{0C39180E-047F-44E0-A34B-63C92F349825}.Release|Any CPU.ActiveCfg = Release|Any CPU
		{0C39180E-047F-44E0-A34B-63C92F349825}.Release|Any CPU.Build.0 = Release|Any CPU
		{BD6E5269-125C-4B5B-8A53-F96C6049C3BD}.Debug|Any CPU.ActiveCfg = Debug|Any CPU
		{BD6E5269-125C-4B5B-8A53-F96C6049C3BD}.Debug|Any CPU.Build.0 = Debug|Any CPU
		{BD6E5269-125C-4B5B-8A53-F96C6049C3BD}.Release|Any CPU.ActiveCfg = Release|Any CPU
		{BD6E5269-125C-4B5B-8A53-F96C6049C3BD}.Release|Any CPU.Build.0 = Release|Any CPU
		{79BE39FE-171D-4A92-AF71-D7510F573DFA}.Debug|Any CPU.ActiveCfg = Debug|Any CPU
		{79BE39FE-171D-4A92-AF71-D7510F573DFA}.Debug|Any CPU.Build.0 = Debug|Any CPU
		{79BE39FE-171D-4A92-AF71-D7510F573DFA}.Release|Any CPU.ActiveCfg = Release|Any CPU
		{79BE39FE-171D-4A92-AF71-D7510F573DFA}.Release|Any CPU.Build.0 = Release|Any CPU
	EndGlobalSection
	GlobalSection(SolutionProperties) = preSolution
		HideSolutionNode = FALSE
	EndGlobalSection
	GlobalSection(ExtensibilityGlobals) = postSolution
		SolutionGuid = {89AA52B2-CBD5-4CB6-B643-F1FB4664AEB3}
	EndGlobalSection
EndGlobal
